
Microsoft Visual Studio Solution File, Format Version 12.00
# Visual Studio Version 17
VisualStudioVersion = 17.1.32228.430
MinimumVisualStudioVersion = 10.0.40219.1
Project("{9A19103F-16F7-4668-BE54-9A1E7A4F7556}") = "Review.Domain", "Review.Domain\Review.Domain.csproj", "{66D6F42A-B20C-431A-91FF-E3DE803AA32C}"
EndProject
Project("{9A19103F-16F7-4668-BE54-9A1E7A4F7556}") = "Review.Application", "Review.Application\Review.Application.csproj", "{2D978D3E-FDD3-4012-9884-8F86D1F67615}"
EndProject
Project("{9A19103F-16F7-4668-BE54-9A1E7A4F7556}") = "Review.Infrastructure", "Review.Infrastructure\Review.Infrastructure.csproj", "{1D824012-9AC0-4751-89B4-4A879CED08A7}"
EndProject
Project("{9A19103F-16F7-4668-BE54-9A1E7A4F7556}") = "Review.Tests", "Review.Tests\Review.Tests.csproj", "{A2AE5335-B0D0-410E-8229-AB4CE5F43CD7}"
EndProject
Project("{9A19103F-16F7-4668-BE54-9A1E7A4F7556}") = "Review.API", "Review.API\Review.API.csproj", "{EC9E96F3-5F7D-4897-8DF1-3BAA9EA339D2}"
EndProject
Project("{FAE04EC0-301F-11D3-BF4B-00C04F79EFBC}") = "Review.Application.Contracts", "Review.Application.Contracts\Review.Application.Contracts.csproj", "{5BA54ABA-954F-4104-8F23-B6DDDF2D26AD}"
EndProject
Project("{FAE04EC0-301F-11D3-BF4B-00C04F79EFBC}") = "Review.DependencyInjection", "Review.DependencyInjection\Review.DependencyInjection.csproj", "{F37EC44F-F6C7-45FC-A411-A4C761624AC5}"
EndProject
Global
	GlobalSection(SolutionConfigurationPlatforms) = preSolution
		Debug|Any CPU = Debug|Any CPU
		Release|Any CPU = Release|Any CPU
	EndGlobalSection
	GlobalSection(ProjectConfigurationPlatforms) = postSolution
		{66D6F42A-B20C-431A-91FF-E3DE803AA32C}.Debug|Any CPU.ActiveCfg = Debug|Any CPU
		{66D6F42A-B20C-431A-91FF-E3DE803AA32C}.Debug|Any CPU.Build.0 = Debug|Any CPU
		{66D6F42A-B20C-431A-91FF-E3DE803AA32C}.Release|Any CPU.ActiveCfg = Release|Any CPU
		{66D6F42A-B20C-431A-91FF-E3DE803AA32C}.Release|Any CPU.Build.0 = Release|Any CPU
		{2D978D3E-FDD3-4012-9884-8F86D1F67615}.Debug|Any CPU.ActiveCfg = Debug|Any CPU
		{2D978D3E-FDD3-4012-9884-8F86D1F67615}.Debug|Any CPU.Build.0 = Debug|Any CPU
		{2D978D3E-FDD3-4012-9884-8F86D1F67615}.Release|Any CPU.ActiveCfg = Release|Any CPU
		{2D978D3E-FDD3-4012-9884-8F86D1F67615}.Release|Any CPU.Build.0 = Release|Any CPU
		{1D824012-9AC0-4751-89B4-4A879CED08A7}.Debug|Any CPU.ActiveCfg = Debug|Any CPU
		{1D824012-9AC0-4751-89B4-4A879CED08A7}.Debug|Any CPU.Build.0 = Debug|Any CPU
		{1D824012-9AC0-4751-89B4-4A879CED08A7}.Release|Any CPU.ActiveCfg = Release|Any CPU
		{1D824012-9AC0-4751-89B4-4A879CED08A7}.Release|Any CPU.Build.0 = Release|Any CPU
		{A2AE5335-B0D0-410E-8229-AB4CE5F43CD7}.Debug|Any CPU.ActiveCfg = Debug|Any CPU
		{A2AE5335-B0D0-410E-8229-AB4CE5F43CD7}.Debug|Any CPU.Build.0 = Debug|Any CPU
		{A2AE5335-B0D0-410E-8229-AB4CE5F43CD7}.Release|Any CPU.ActiveCfg = Release|Any CPU
		{A2AE5335-B0D0-410E-8229-AB4CE5F43CD7}.Release|Any CPU.Build.0 = Release|Any CPU
		{EC9E96F3-5F7D-4897-8DF1-3BAA9EA339D2}.Debug|Any CPU.ActiveCfg = Debug|Any CPU
		{EC9E96F3-5F7D-4897-8DF1-3BAA9EA339D2}.Debug|Any CPU.Build.0 = Debug|Any CPU
		{EC9E96F3-5F7D-4897-8DF1-3BAA9EA339D2}.Release|Any CPU.ActiveCfg = Release|Any CPU
		{EC9E96F3-5F7D-4897-8DF1-3BAA9EA339D2}.Release|Any CPU.Build.0 = Release|Any CPU
		{5BA54ABA-954F-4104-8F23-B6DDDF2D26AD}.Debug|Any CPU.ActiveCfg = Debug|Any CPU
		{5BA54ABA-954F-4104-8F23-B6DDDF2D26AD}.Debug|Any CPU.Build.0 = Debug|Any CPU
		{5BA54ABA-954F-4104-8F23-B6DDDF2D26AD}.Release|Any CPU.ActiveCfg = Release|Any CPU
		{5BA54ABA-954F-4104-8F23-B6DDDF2D26AD}.Release|Any CPU.Build.0 = Release|Any CPU
		{F37EC44F-F6C7-45FC-A411-A4C761624AC5}.Debug|Any CPU.ActiveCfg = Debug|Any CPU
		{F37EC44F-F6C7-45FC-A411-A4C761624AC5}.Debug|Any CPU.Build.0 = Debug|Any CPU
		{F37EC44F-F6C7-45FC-A411-A4C761624AC5}.Release|Any CPU.ActiveCfg = Release|Any CPU
		{F37EC44F-F6C7-45FC-A411-A4C761624AC5}.Release|Any CPU.Build.0 = Release|Any CPU
	EndGlobalSection
	GlobalSection(SolutionProperties) = preSolution
		HideSolutionNode = FALSE
	EndGlobalSection
	GlobalSection(ExtensibilityGlobals) = postSolution
		SolutionGuid = {32F9C61F-2657-43F5-8BEA-EE8B5FCB0396}
	EndGlobalSection
EndGlobal
